
Microsoft Visual Studio Solution File, Format Version 12.00
# Visual Studio Version 16
VisualStudioVersion = 16.0.29728.190
MinimumVisualStudioVersion = 10.0.40219.1
Project("{FAE04EC0-301F-11D3-BF4B-00C04F79EFBC}") = "ToDoList", "ToDoList.csproj", "{A34CDCA3-4551-4B2E-AACC-8E68C571DA28}"
EndProject
Global
	GlobalSection(SolutionConfigurationPlatforms) = preSolution
		Debug|Any CPU = Debug|Any CPU
		Release|Any CPU = Release|Any CPU
	EndGlobalSection
	GlobalSection(ProjectConfigurationPlatforms) = postSolution
		{A34CDCA3-4551-4B2E-AACC-8E68C571DA28}.Debug|Any CPU.ActiveCfg = Debug|Any CPU
		{A34CDCA3-4551-4B2E-AACC-8E68C571DA28}.Debug|Any CPU.Build.0 = Debug|Any CPU
		{A34CDCA3-4551-4B2E-AACC-8E68C571DA28}.Release|Any CPU.ActiveCfg = Release|Any CPU
		{A34CDCA3-4551-4B2E-AACC-8E68C571DA28}.Release|Any CPU.Build.0 = Release|Any CPU
	EndGlobalSection
	GlobalSection(SolutionProperties) = preSolution
		HideSolutionNode = FALSE
	EndGlobalSection
	GlobalSection(ExtensibilityGlobals) = postSolution
		SolutionGuid = {FF6656A2-FA95-42FF-9FAC-7387D616C23C}
	EndGlobalSection
EndGlobal
